
Microsoft Visual Studio Solution File, Format Version 12.00
# Visual Studio Version 17
VisualStudioVersion = 17.0.32112.339
MinimumVisualStudioVersion = 10.0.40219.1
Project("{9A19103F-16F7-4668-BE54-9A1E7A4F7556}") = "NHLAPI.API", "NHLAPI.API\NHLAPI.API.csproj", "{98331569-1CF0-4535-8362-9A58A7D9AEC1}"
EndProject
Project("{9A19103F-16F7-4668-BE54-9A1E7A4F7556}") = "NHLAPI.Domain", "NHLAPI.Domain\NHLAPI.Domain.csproj", "{2CB41036-65F8-4652-8C8D-A3CB1179BBCA}"
EndProject
Project("{9A19103F-16F7-4668-BE54-9A1E7A4F7556}") = "NHLAPI.Service", "NHLAPI.Service\NHLAPI.Service.csproj", "{BF0DA2E1-D3E9-452C-B3DC-73D57B0271E1}"
EndProject
Project("{9A19103F-16F7-4668-BE54-9A1E7A4F7556}") = "NHLAPI.Tests", "NHLAPI.Tests\NHLAPI.Tests.csproj", "{3507ED74-65CA-4C0C-8FB3-9AA3E7558D6B}"
EndProject
Project("{9A19103F-16F7-4668-BE54-9A1E7A4F7556}") = "NHLAPI.Business", "NHLAPI.Business\NHLAPI.Business.csproj", "{C7BA1B27-A7B1-4BBF-9646-B27BD2C44B95}"
EndProject
Global
	GlobalSection(SolutionConfigurationPlatforms) = preSolution
		Debug|Any CPU = Debug|Any CPU
		Release|Any CPU = Release|Any CPU
	EndGlobalSection
	GlobalSection(ProjectConfigurationPlatforms) = postSolution
		{98331569-1CF0-4535-8362-9A58A7D9AEC1}.Debug|Any CPU.ActiveCfg = Debug|Any CPU
		{98331569-1CF0-4535-8362-9A58A7D9AEC1}.Debug|Any CPU.Build.0 = Debug|Any CPU
		{98331569-1CF0-4535-8362-9A58A7D9AEC1}.Release|Any CPU.ActiveCfg = Release|Any CPU
		{98331569-1CF0-4535-8362-9A58A7D9AEC1}.Release|Any CPU.Build.0 = Release|Any CPU
		{2CB41036-65F8-4652-8C8D-A3CB1179BBCA}.Debug|Any CPU.ActiveCfg = Debug|Any CPU
		{2CB41036-65F8-4652-8C8D-A3CB1179BBCA}.Debug|Any CPU.Build.0 = Debug|Any CPU
		{2CB41036-65F8-4652-8C8D-A3CB1179BBCA}.Release|Any CPU.ActiveCfg = Release|Any CPU
		{2CB41036-65F8-4652-8C8D-A3CB1179BBCA}.Release|Any CPU.Build.0 = Release|Any CPU
		{BF0DA2E1-D3E9-452C-B3DC-73D57B0271E1}.Debug|Any CPU.ActiveCfg = Debug|Any CPU
		{BF0DA2E1-D3E9-452C-B3DC-73D57B0271E1}.Debug|Any CPU.Build.0 = Debug|Any CPU
		{BF0DA2E1-D3E9-452C-B3DC-73D57B0271E1}.Release|Any CPU.ActiveCfg = Release|Any CPU
		{BF0DA2E1-D3E9-452C-B3DC-73D57B0271E1}.Release|Any CPU.Build.0 = Release|Any CPU
		{3507ED74-65CA-4C0C-8FB3-9AA3E7558D6B}.Debug|Any CPU.ActiveCfg = Debug|Any CPU
		{3507ED74-65CA-4C0C-8FB3-9AA3E7558D6B}.Debug|Any CPU.Build.0 = Debug|Any CPU
		{3507ED74-65CA-4C0C-8FB3-9AA3E7558D6B}.Release|Any CPU.ActiveCfg = Release|Any CPU
		{3507ED74-65CA-4C0C-8FB3-9AA3E7558D6B}.Release|Any CPU.Build.0 = Release|Any CPU
		{C7BA1B27-A7B1-4BBF-9646-B27BD2C44B95}.Debug|Any CPU.ActiveCfg = Debug|Any CPU
		{C7BA1B27-A7B1-4BBF-9646-B27BD2C44B95}.Debug|Any CPU.Build.0 = Debug|Any CPU
		{C7BA1B27-A7B1-4BBF-9646-B27BD2C44B95}.Release|Any CPU.ActiveCfg = Release|Any CPU
		{C7BA1B27-A7B1-4BBF-9646-B27BD2C44B95}.Release|Any CPU.Build.0 = Release|Any CPU
	EndGlobalSection
	GlobalSection(SolutionProperties) = preSolution
		HideSolutionNode = FALSE
	EndGlobalSection
	GlobalSection(ExtensibilityGlobals) = postSolution
		SolutionGuid = {30EE9B65-7173-4F47-A653-93EF99EC654F}
	EndGlobalSection
EndGlobal
